{
  "originHash" : "f36e9825d8fe441ab11acaf439e34a97426534eb960f326c737bfdffb2f7c58b",
  "pins" : [
    {
      "identity" : "mecab",
      "kind" : "remoteSourceControl",
      "location" : "https://github.com/matthewmorrone/mecab.git",
      "state" : {
        "branch" : "master",
        "revision" : "ca8b10d0f9859a1ee8064d71f75ffe8094c1b3e4"
      }
    }
  ],
  "version" : 3
}
