{
  "originHash" : "8c3e8cbaa23f46c0d9cde17661f7b1d4face2fc50e49c1bf03c1d0a4663da34b",
  "pins" : [
    {
      "identity" : "azookeykanakanjiconverter",
      "kind" : "remoteSourceControl",
      "location" : "https://github.com/azooKey/AzooKeyKanaKanjiConverter.git",
      "state" : {
        "branch" : "main",
        "revision" : "f20e875246e3ec7692929c2a18408bb29d26ccaf"
      }
    },
    {
      "identity" : "bytesparser",
      "kind" : "remoteSourceControl",
      "location" : "https://github.com/dagronf/BytesParser",
      "state" : {
        "revision" : "a091513c4059d336c8cbf0b9485fcba63bcba83a",
        "version" : "3.2.1"
      }
    },
    {
      "identity" : "codablecsv",
      "kind" : "remoteSourceControl",
      "location" : "https://github.com/dehesa/CodableCSV.git",
      "state" : {
        "revision" : "99ace2cfdfbc19108b529c021005fb57a460e715",
        "version" : "0.6.7"
      }
    },
    {
      "identity" : "dsfregex",
      "kind" : "remoteSourceControl",
      "location" : "https://github.com/dagronf/DSFRegex",
      "state" : {
        "revision" : "c576aab25f88bcb4b549862e6269b6f90b917e0c",
        "version" : "4.0.0"
      }
    },
    {
      "identity" : "jinja",
      "kind" : "remoteSourceControl",
      "location" : "https://github.com/johnmai-dev/Jinja",
      "state" : {
        "revision" : "31c4dd39bcdc07eaa42a384bdc88ea599022b800",
        "version" : "1.1.2"
      }
    },
    {
      "identity" : "rearrange",
      "kind" : "remoteSourceControl",
      "location" : "https://github.com/ChimeHQ/Rearrange",
      "state" : {
        "revision" : "f1d74e1642956f0300756ad8d1d64e9034857bc3",
        "version" : "2.0.0"
      }
    },
    {
      "identity" : "swift-algorithms",
      "kind" : "remoteSourceControl",
      "location" : "https://github.com/apple/swift-algorithms",
      "state" : {
        "revision" : "87e50f483c54e6efd60e885f7f5aa946cee68023",
        "version" : "1.2.1"
      }
    },
    {
      "identity" : "swift-argument-parser",
      "kind" : "remoteSourceControl",
      "location" : "https://github.com/apple/swift-argument-parser.git",
      "state" : {
        "revision" : "c5d11a805e765f52ba34ec7284bd4fcd6ba68615",
        "version" : "1.7.0"
      }
    },
    {
      "identity" : "swift-audio-marker",
      "kind" : "remoteSourceControl",
      "location" : "https://github.com/atelier-socle/swift-audio-marker.git",
      "state" : {
        "revision" : "687bc30e3adcde9b65eac3caa43e9940d183b59d",
        "version" : "0.1.0"
      }
    },
    {
      "identity" : "swift-collections",
      "kind" : "remoteSourceControl",
      "location" : "https://github.com/apple/swift-collections.git",
      "state" : {
        "revision" : "8d9834a6189db730f6264db7556a7ffb751e99ee",
        "version" : "1.4.0"
      }
    },
    {
      "identity" : "swift-numerics",
      "kind" : "remoteSourceControl",
      "location" : "https://github.com/apple/swift-numerics.git",
      "state" : {
        "revision" : "0c0290ff6b24942dadb83a929ffaaa1481df04a2",
        "version" : "1.1.1"
      }
    },
    {
      "identity" : "swift-subtitle-kit",
      "kind" : "remoteSourceControl",
      "location" : "https://github.com/dioKaratzas/swift-subtitle-kit.git",
      "state" : {
        "revision" : "0ae386087935efdf6b8c03b65a447f2ed27d4f90",
        "version" : "1.0.3"
      }
    },
    {
      "identity" : "swift-tokenizers",
      "kind" : "remoteSourceControl",
      "location" : "https://github.com/ensan-hcl/swift-tokenizers",
      "state" : {
        "revision" : "4a606f66e0cc4d7d9f0197649e812f7fc86a4c34",
        "version" : "0.0.1"
      }
    },
    {
      "identity" : "swiftlcs",
      "kind" : "remoteSourceControl",
      "location" : "https://github.com/Frugghi/SwiftLCS.git",
      "state" : {
        "revision" : "51f609f127e41a0d2f231d410d817d439ae1c1f1",
        "version" : "1.3.5"
      }
    },
    {
      "identity" : "swiftsubtitles",
      "kind" : "remoteSourceControl",
      "location" : "https://github.com/dagronf/SwiftSubtitles.git",
      "state" : {
        "revision" : "485c6f1fc71235041198a8bb893fa22f807451a6",
        "version" : "2.2.0"
      }
    },
    {
      "identity" : "swiftwhisper",
      "kind" : "remoteSourceControl",
      "location" : "https://github.com/exPHAT/SwiftWhisper.git",
      "state" : {
        "revision" : "a192004db08de7c6eaa169eede77f1625e7d23fb",
        "version" : "1.2.0"
      }
    },
    {
      "identity" : "textformation",
      "kind" : "remoteSourceControl",
      "location" : "https://github.com/ChimeHQ/TextFormation.git",
      "state" : {
        "revision" : "b1ce9a14bd86042bba4de62236028dc4ce9db6a1",
        "version" : "0.9.0"
      }
    },
    {
      "identity" : "textstory",
      "kind" : "remoteSourceControl",
      "location" : "https://github.com/ChimeHQ/TextStory",
      "state" : {
        "revision" : "91df6fc9bd817f9712331a4a3e826f7bdc823e1d",
        "version" : "0.9.1"
      }
    },
    {
      "identity" : "tinycsv",
      "kind" : "remoteSourceControl",
      "location" : "https://github.com/dagronf/TinyCSV",
      "state" : {
        "revision" : "05d691ee7bab64f5ff075b97f47ef41d36a81f6f",
        "version" : "1.0.1"
      }
    },
    {
      "identity" : "usearch",
      "kind" : "remoteSourceControl",
      "location" : "https://github.com/unum-cloud/USearch.git",
      "state" : {
        "revision" : "40d127f472e9073875566f0e9308c0302b89100a",
        "version" : "2.24.0"
      }
    }
  ],
  "version" : 3
}
