// !$*UTF8*$!
{
	archiveVersion = 1;
	classes = {
	};
	objectVersion = 77;
	objects = {

/* Begin PBXBuildFile section */
		E32B0CE32F57BC070020F5C2 /* data_manifest.json in Resources */ = {isa = PBXBuildFile; fileRef = E32B0CDE2F57BC070020F5C2 /* data_manifest.json */; };
		E32B0CE42F57BC070020F5C2 /* dictionary.sqlite in Resources */ = {isa = PBXBuildFile; fileRef = E32B0CDF2F57BC070020F5C2 /* dictionary.sqlite */; };
		E32B0CE62F57BC070020F5C2 /* generate_db.py in Resources */ = {isa = PBXBuildFile; fileRef = E32B0CE02F57BC070020F5C2 /* generate_db.py */; };
		E32B0CE72F57BC070020F5C2 /* deinflection.json in Resources */ = {isa = PBXBuildFile; fileRef = E32B0CE82F57BC070020F5C2 /* deinflection.json */; };
		E4A100012F90000100AAA001 /* common_particles.json in Resources */ = {isa = PBXBuildFile; fileRef = E4A100112F90000100AAA001 /* common_particles.json */; };
		E4A100032F90000100AAA001 /* voiced_kana_pairs.json in Resources */ = {isa = PBXBuildFile; fileRef = E4A100132F90000100AAA001 /* voiced_kana_pairs.json */; };
		E4A100042F90000100AAA001 /* kana_alignment_normalizations.json in Resources */ = {isa = PBXBuildFile; fileRef = E4A100142F90000100AAA001 /* kana_alignment_normalizations.json */; };
		E4A100052F90000100AAA001 /* kunyomi_overrides.json in Resources */ = {isa = PBXBuildFile; fileRef = E4A100152F90000100AAA001 /* kunyomi_overrides.json */; };
		E4CC00012F90000100EEE001 /* SwiftLCS in Frameworks */ = {isa = PBXBuildFile; productRef = E4CC00022F90000100EEE001 /* SwiftLCS */; };
		E4D1A0012F90000100FFF001 /* SubtitleKit in Frameworks */ = {isa = PBXBuildFile; productRef = E4D1A0022F90000100FFF001 /* SubtitleKit */; };
		E4D2A0012F90000100FFF001 /* SwiftSubtitles in Frameworks */ = {isa = PBXBuildFile; productRef = E4D2A0022F90000100FFF001 /* SwiftSubtitles */; };
		E4D3A0012F90000100FFF001 /* CodableCSV in Frameworks */ = {isa = PBXBuildFile; productRef = E4D3A0022F90000100FFF001 /* CodableCSV */; };
		E4D4A0012F90000100FFF001 /* AudioMarker in Frameworks */ = {isa = PBXBuildFile; productRef = E4D4A0022F90000100FFF001 /* AudioMarker */; };
		E4D5A0012F90000100FFF001 /* KanaKanjiConverterModuleWithDefaultDictionary in Frameworks */ = {isa = PBXBuildFile; productRef = E4D5A0022F90000100FFF001 /* KanaKanjiConverterModuleWithDefaultDictionary */; };
		E4D6A0012F90000100FFF001 /* USearch in Frameworks */ = {isa = PBXBuildFile; productRef = E4D6A0022F90000100FFF001 /* USearch */; };
		E4D7A0012F90000100FFF001 /* TextFormation in Frameworks */ = {isa = PBXBuildFile; productRef = E4D7A0022F90000100FFF001 /* TextFormation */; };
		E4E800012F90000100FFF001 /* SwiftWhisper in Frameworks */ = {isa = PBXBuildFile; productRef = E4E800022F90000100FFF001 /* SwiftWhisper */; };
/* End PBXBuildFile section */

/* Begin PBXContainerItemProxy section */
		E3070AF62F4DFDB8005FD323 /* PBXContainerItemProxy */ = {
			isa = PBXContainerItemProxy;
			containerPortal = E3070AE02F4DFDB6005FD323 /* Project object */;
			proxyType = 1;
			remoteGlobalIDString = E3070AE72F4DFDB6005FD323;
			remoteInfo = Kioku;
		};
		E3070B002F4DFDB8005FD323 /* PBXContainerItemProxy */ = {
			isa = PBXContainerItemProxy;
			containerPortal = E3070AE02F4DFDB6005FD323 /* Project object */;
			proxyType = 1;
			remoteGlobalIDString = E3070AE72F4DFDB6005FD323;
			remoteInfo = Kioku;
		};
/* End PBXContainerItemProxy section */

/* Begin PBXFileReference section */
		E3070AE82F4DFDB6005FD323 /* Kioku.app */ = {isa = PBXFileReference; explicitFileType = wrapper.application; includeInIndex = 0; path = Kioku.app; sourceTree = BUILT_PRODUCTS_DIR; };
		E3070AF52F4DFDB8005FD323 /* KiokuTests.xctest */ = {isa = PBXFileReference; explicitFileType = wrapper.cfbundle; includeInIndex = 0; path = KiokuTests.xctest; sourceTree = BUILT_PRODUCTS_DIR; };
		E3070AFF2F4DFDB8005FD323 /* KiokuUITests.xctest */ = {isa = PBXFileReference; explicitFileType = wrapper.cfbundle; includeInIndex = 0; path = KiokuUITests.xctest; sourceTree = BUILT_PRODUCTS_DIR; };
		E32B0CDE2F57BC070020F5C2 /* data_manifest.json */ = {isa = PBXFileReference; lastKnownFileType = text.json; path = data_manifest.json; sourceTree = "<group>"; };
		E32B0CDF2F57BC070020F5C2 /* dictionary.sqlite */ = {isa = PBXFileReference; lastKnownFileType = file; path = dictionary.sqlite; sourceTree = "<group>"; };
		E32B0CE02F57BC070020F5C2 /* generate_db.py */ = {isa = PBXFileReference; lastKnownFileType = text.script.python; path = generate_db.py; sourceTree = "<group>"; };
		E32B0CE82F57BC070020F5C2 /* deinflection.json */ = {isa = PBXFileReference; lastKnownFileType = text.json; path = deinflection.json; sourceTree = "<group>"; };
		E32D09B42F638C1600788CAE /* Kioku.xcodeproj */ = {isa = PBXFileReference; lastKnownFileType = "wrapper.pb-project"; path = Kioku.xcodeproj; sourceTree = "<group>"; };
		E32D0BBB2F668D7400788CAE /* Kioku.xcodeproj */ = {isa = PBXFileReference; lastKnownFileType = "wrapper.pb-project"; path = Kioku.xcodeproj; sourceTree = "<group>"; };
		E4A100112F90000100AAA001 /* common_particles.json */ = {isa = PBXFileReference; lastKnownFileType = text.json; path = common_particles.json; sourceTree = "<group>"; };
		E4A100132F90000100AAA001 /* voiced_kana_pairs.json */ = {isa = PBXFileReference; lastKnownFileType = text.json; path = voiced_kana_pairs.json; sourceTree = "<group>"; };
		E4A100142F90000100AAA001 /* kana_alignment_normalizations.json */ = {isa = PBXFileReference; lastKnownFileType = text.json; path = kana_alignment_normalizations.json; sourceTree = "<group>"; };
		E4A100152F90000100AAA001 /* kunyomi_overrides.json */ = {isa = PBXFileReference; lastKnownFileType = text.json; path = kunyomi_overrides.json; sourceTree = "<group>"; };
/* End PBXFileReference section */

/* Begin PBXFileSystemSynchronizedRootGroup section */
		E3070AEA2F4DFDB6005FD323 /* Kioku */ = {
			isa = PBXFileSystemSynchronizedRootGroup;
			path = Kioku;
			sourceTree = "<group>";
		};
		E3070AF82F4DFDB8005FD323 /* KiokuTests */ = {
			isa = PBXFileSystemSynchronizedRootGroup;
			path = KiokuTests;
			sourceTree = "<group>";
		};
/* End PBXFileSystemSynchronizedRootGroup section */

/* Begin PBXFrameworksBuildPhase section */
		E3070AE52F4DFDB6005FD323 /* Frameworks */ = {
			isa = PBXFrameworksBuildPhase;
			buildActionMask = 2147483647;
			files = (
				E4E800012F90000100FFF001 /* SwiftWhisper in Frameworks */,
				E4CC00012F90000100EEE001 /* SwiftLCS in Frameworks */,
				E4D1A0012F90000100FFF001 /* SubtitleKit in Frameworks */,
				E4D2A0012F90000100FFF001 /* SwiftSubtitles in Frameworks */,
				E4D3A0012F90000100FFF001 /* CodableCSV in Frameworks */,
				E4D4A0012F90000100FFF001 /* AudioMarker in Frameworks */,
				E4D5A0012F90000100FFF001 /* KanaKanjiConverterModuleWithDefaultDictionary in Frameworks */,
				E4D6A0012F90000100FFF001 /* USearch in Frameworks */,
				E4D7A0012F90000100FFF001 /* TextFormation in Frameworks */,
			);
			runOnlyForDeploymentPostprocessing = 0;
		};
		E3070AF22F4DFDB8005FD323 /* Frameworks */ = {
			isa = PBXFrameworksBuildPhase;
			buildActionMask = 2147483647;
			files = (
			);
			runOnlyForDeploymentPostprocessing = 0;
		};
		E3070AFC2F4DFDB8005FD323 /* Frameworks */ = {
			isa = PBXFrameworksBuildPhase;
			buildActionMask = 2147483647;
			files = (
			);
			runOnlyForDeploymentPostprocessing = 0;
		};
/* End PBXFrameworksBuildPhase section */

/* Begin PBXGroup section */
		E3070ADF2F4DFDB6005FD323 = {
			isa = PBXGroup;
			children = (
				E32B0CE22F57BC070020F5C2 /* Resources */,
				E3070AEA2F4DFDB6005FD323 /* Kioku */,
				E3070AF82F4DFDB8005FD323 /* KiokuTests */,
				E3070AE92F4DFDB6005FD323 /* Products */,
			);
			sourceTree = "<group>";
		};
		E3070AE92F4DFDB6005FD323 /* Products */ = {
			isa = PBXGroup;
			children = (
				E3070AE82F4DFDB6005FD323 /* Kioku.app */,
				E3070AF52F4DFDB8005FD323 /* KiokuTests.xctest */,
				E3070AFF2F4DFDB8005FD323 /* KiokuUITests.xctest */,
			);
			name = Products;
			sourceTree = "<group>";
		};
		E32B0CE22F57BC070020F5C2 /* Resources */ = {
			isa = PBXGroup;
			children = (
				E4A100112F90000100AAA001 /* common_particles.json */,
				E32B0CDE2F57BC070020F5C2 /* data_manifest.json */,
				E32B0CE82F57BC070020F5C2 /* deinflection.json */,
				E32B0CDF2F57BC070020F5C2 /* dictionary.sqlite */,
				E32B0CE02F57BC070020F5C2 /* generate_db.py */,
				E4A100142F90000100AAA001 /* kana_alignment_normalizations.json */,
				E4A100152F90000100AAA001 /* kunyomi_overrides.json */,
				E4A100132F90000100AAA001 /* voiced_kana_pairs.json */,
			);
			path = Resources;
			sourceTree = "<group>";
		};
		E32D09C32F638C1600788CAE /* Products */ = {
			isa = PBXGroup;
			children = (
			);
			name = Products;
			sourceTree = "<group>";
		};
		E32D0BCD2F668D7400788CAE /* Products */ = {
			isa = PBXGroup;
			children = (
			);
			name = Products;
			sourceTree = "<group>";
		};
/* End PBXGroup section */

/* Begin PBXNativeTarget section */
		E3070AE72F4DFDB6005FD323 /* Kioku */ = {
			isa = PBXNativeTarget;
			buildConfigurationList = E3070B092F4DFDB8005FD323 /* Build configuration list for PBXNativeTarget "Kioku" */;
			buildPhases = (
				E3070AE42F4DFDB6005FD323 /* Sources */,
				E3070AE52F4DFDB6005FD323 /* Frameworks */,
				F5A9C1D92F90000100ABCDEF /* Validate Copilot Invariants */,
				F5A9C1DB2F90000300ABCDEF /* Rebuild Dictionary SQLite */,
				E3070AE62F4DFDB6005FD323 /* Resources */,
			);
			buildRules = (
			);
			dependencies = (
			);
			fileSystemSynchronizedGroups = (
				E3070AEA2F4DFDB6005FD323 /* Kioku */,
			);
			name = Kioku;
			packageProductDependencies = (
				E4E800022F90000100FFF001 /* SwiftWhisper */,
				E4CC00022F90000100EEE001 /* SwiftLCS */,
				E4D1A0022F90000100FFF001 /* SubtitleKit */,
				E4D2A0022F90000100FFF001 /* SwiftSubtitles */,
				E4D3A0022F90000100FFF001 /* CodableCSV */,
				E4D4A0022F90000100FFF001 /* AudioMarker */,
				E4D5A0022F90000100FFF001 /* KanaKanjiConverterModuleWithDefaultDictionary */,
				E4D6A0022F90000100FFF001 /* USearch */,
				E4D7A0022F90000100FFF001 /* TextFormation */,
			);
			productName = Kioku;
			productReference = E3070AE82F4DFDB6005FD323 /* Kioku.app */;
			productType = "com.apple.product-type.application";
		};
		E3070AF42F4DFDB8005FD323 /* KiokuTests */ = {
			isa = PBXNativeTarget;
			buildConfigurationList = E3070B0C2F4DFDB8005FD323 /* Build configuration list for PBXNativeTarget "KiokuTests" */;
			buildPhases = (
				E3070AF12F4DFDB8005FD323 /* Sources */,
				E3070AF22F4DFDB8005FD323 /* Frameworks */,
				E3070AF32F4DFDB8005FD323 /* Resources */,
			);
			buildRules = (
			);
			dependencies = (
				E3070AF72F4DFDB8005FD323 /* PBXTargetDependency */,
			);
			fileSystemSynchronizedGroups = (
				E3070AF82F4DFDB8005FD323 /* KiokuTests */,
			);
			name = KiokuTests;
			packageProductDependencies = (
			);
			productName = KiokuTests;
			productReference = E3070AF52F4DFDB8005FD323 /* KiokuTests.xctest */;
			productType = "com.apple.product-type.bundle.unit-test";
		};
		E3070AFE2F4DFDB8005FD323 /* KiokuUITests */ = {
			isa = PBXNativeTarget;
			buildConfigurationList = E3070B0F2F4DFDB8005FD323 /* Build configuration list for PBXNativeTarget "KiokuUITests" */;
			buildPhases = (
				E3070AFB2F4DFDB8005FD323 /* Sources */,
				E3070AFC2F4DFDB8005FD323 /* Frameworks */,
				E3070AFD2F4DFDB8005FD323 /* Resources */,
			);
			buildRules = (
			);
			dependencies = (
				E3070B012F4DFDB8005FD323 /* PBXTargetDependency */,
			);
			name = KiokuUITests;
			packageProductDependencies = (
			);
			productName = KiokuUITests;
			productReference = E3070AFF2F4DFDB8005FD323 /* KiokuUITests.xctest */;
			productType = "com.apple.product-type.bundle.ui-testing";
		};
/* End PBXNativeTarget section */

/* Begin PBXProject section */
		E3070AE02F4DFDB6005FD323 /* Project object */ = {
			isa = PBXProject;
			attributes = {
				BuildIndependentTargetsInParallel = 1;
				LastSwiftUpdateCheck = 2620;
				LastUpgradeCheck = 2630;
				TargetAttributes = {
					E3070AE72F4DFDB6005FD323 = {
						CreatedOnToolsVersion = 26.2;
					};
					E3070AF42F4DFDB8005FD323 = {
						CreatedOnToolsVersion = 26.2;
						TestTargetID = E3070AE72F4DFDB6005FD323;
					};
					E3070AFE2F4DFDB8005FD323 = {
						CreatedOnToolsVersion = 26.2;
						TestTargetID = E3070AE72F4DFDB6005FD323;
					};
				};
			};
			buildConfigurationList = E3070AE32F4DFDB6005FD323 /* Build configuration list for PBXProject "Kioku" */;
			developmentRegion = en;
			hasScannedForEncodings = 0;
			knownRegions = (
				en,
				Base,
			);
			mainGroup = E3070ADF2F4DFDB6005FD323;
			minimizedProjectReferenceProxies = 1;
			packageReferences = (
				E4E800032F90000100FFF001 /* XCRemoteSwiftPackageReference "SwiftWhisper" */,
				E4CC00032F90000100EEE001 /* XCRemoteSwiftPackageReference "SwiftLCS" */,
				E4D1A0032F90000100FFF001 /* XCRemoteSwiftPackageReference "swift-subtitle-kit" */,
				E4D2A0032F90000100FFF001 /* XCRemoteSwiftPackageReference "SwiftSubtitles" */,
				E4D3A0032F90000100FFF001 /* XCRemoteSwiftPackageReference "CodableCSV" */,
				E4D4A0032F90000100FFF001 /* XCRemoteSwiftPackageReference "swift-audio-marker" */,
				E4D5A0032F90000100FFF001 /* XCRemoteSwiftPackageReference "AzooKeyKanaKanjiConverter" */,
				E4D6A0032F90000100FFF001 /* XCRemoteSwiftPackageReference "USearch" */,
				E4D7A0032F90000100FFF001 /* XCRemoteSwiftPackageReference "TextFormation" */,
			);
			preferredProjectObjectVersion = 77;
			productRefGroup = E3070AE92F4DFDB6005FD323 /* Products */;
			projectDirPath = "";
			projectReferences = (
				{
					ProductGroup = E32D0BCD2F668D7400788CAE /* Products */;
					ProjectRef = E32D0BBB2F668D7400788CAE /* Kioku.xcodeproj */;
				},
				{
					ProductGroup = E32D09C32F638C1600788CAE /* Products */;
					ProjectRef = E32D09B42F638C1600788CAE /* Kioku.xcodeproj */;
				},
			);
			projectRoot = "";
			targets = (
				E3070AE72F4DFDB6005FD323 /* Kioku */,
				E3070AF42F4DFDB8005FD323 /* KiokuTests */,
				E3070AFE2F4DFDB8005FD323 /* KiokuUITests */,
			);
		};
/* End PBXProject section */

/* Begin PBXResourcesBuildPhase section */
		E3070AE62F4DFDB6005FD323 /* Resources */ = {
			isa = PBXResourcesBuildPhase;
			buildActionMask = 2147483647;
			files = (
				E4A100012F90000100AAA001 /* common_particles.json in Resources */,
				E32B0CE32F57BC070020F5C2 /* data_manifest.json in Resources */,
				E32B0CE72F57BC070020F5C2 /* deinflection.json in Resources */,
				E32B0CE42F57BC070020F5C2 /* dictionary.sqlite in Resources */,
				E32B0CE62F57BC070020F5C2 /* generate_db.py in Resources */,
				E4A100042F90000100AAA001 /* kana_alignment_normalizations.json in Resources */,
				E4A100052F90000100AAA001 /* kunyomi_overrides.json in Resources */,
				E4A100032F90000100AAA001 /* voiced_kana_pairs.json in Resources */,
			);
			runOnlyForDeploymentPostprocessing = 0;
		};
		E3070AF32F4DFDB8005FD323 /* Resources */ = {
			isa = PBXResourcesBuildPhase;
			buildActionMask = 2147483647;
			files = (
			);
			runOnlyForDeploymentPostprocessing = 0;
		};
		E3070AFD2F4DFDB8005FD323 /* Resources */ = {
			isa = PBXResourcesBuildPhase;
			buildActionMask = 2147483647;
			files = (
			);
			runOnlyForDeploymentPostprocessing = 0;
		};
/* End PBXResourcesBuildPhase section */

/* Begin PBXShellScriptBuildPhase section */
		F5A9C1D92F90000100ABCDEF /* Validate Copilot Invariants */ = {
			isa = PBXShellScriptBuildPhase;
			alwaysOutOfDate = 1;
			buildActionMask = 2147483647;
			files = (
			);
			inputFileListPaths = (
			);
			inputPaths = (
			);
			name = "Validate Copilot Invariants";
			outputFileListPaths = (
			);
			outputPaths = (
			);
			runOnlyForDeploymentPostprocessing = 0;
			shellPath = /bin/sh;
			shellScript = "if [ \"$CONFIGURATION\" = \"Debug\" ]; then\n  \"$SRCROOT/scripts/validate_invariants.sh\"\nfi\n";
		};
		F5A9C1DB2F90000300ABCDEF /* Rebuild Dictionary SQLite */ = {
			isa = PBXShellScriptBuildPhase;
			alwaysOutOfDate = 1;
			buildActionMask = 2147483647;
			files = (
			);
			inputFileListPaths = (
			);
			inputPaths = (
				$SRCROOT/Resources/generate_db.py,
				$SRCROOT/Resources/extras.json,
				"$SRCROOT/Resources/jmdict-eng-3.6.2.json",
			);
			name = "Rebuild Dictionary SQLite";
			outputFileListPaths = (
			);
			outputPaths = (
				$SRCROOT/Resources/dictionary.sqlite,
			);
			runOnlyForDeploymentPostprocessing = 0;
			shellPath = /bin/sh;
			shellScript = "if [ ! -f \"$SRCROOT/Resources/jmdict-eng-3.6.2.json\" ]; then\n  echo \"warning: Skipping dictionary rebuild; missing Resources/jmdict-eng-3.6.2.json\"\n  exit 0\nfi\n/usr/bin/python3 \"$SRCROOT/Resources/generate_db.py\"\n";
		};
/* End PBXShellScriptBuildPhase section */

/* Begin PBXSourcesBuildPhase section */
		E3070AE42F4DFDB6005FD323 /* Sources */ = {
			isa = PBXSourcesBuildPhase;
			buildActionMask = 2147483647;
			files = (
			);
			runOnlyForDeploymentPostprocessing = 0;
		};
		E3070AF12F4DFDB8005FD323 /* Sources */ = {
			isa = PBXSourcesBuildPhase;
			buildActionMask = 2147483647;
			files = (
			);
			runOnlyForDeploymentPostprocessing = 0;
		};
		E3070AFB2F4DFDB8005FD323 /* Sources */ = {
			isa = PBXSourcesBuildPhase;
			buildActionMask = 2147483647;
			files = (
			);
			runOnlyForDeploymentPostprocessing = 0;
		};
/* End PBXSourcesBuildPhase section */

/* Begin PBXTargetDependency section */
		E3070AF72F4DFDB8005FD323 /* PBXTargetDependency */ = {
			isa = PBXTargetDependency;
			target = E3070AE72F4DFDB6005FD323 /* Kioku */;
			targetProxy = E3070AF62F4DFDB8005FD323 /* PBXContainerItemProxy */;
		};
		E3070B012F4DFDB8005FD323 /* PBXTargetDependency */ = {
			isa = PBXTargetDependency;
			target = E3070AE72F4DFDB6005FD323 /* Kioku */;
			targetProxy = E3070B002F4DFDB8005FD323 /* PBXContainerItemProxy */;
		};
/* End PBXTargetDependency section */

/* Begin XCBuildConfiguration section */
		E3070B072F4DFDB8005FD323 /* Debug */ = {
			isa = XCBuildConfiguration;
			buildSettings = {
				ALWAYS_SEARCH_USER_PATHS = NO;
				ASSETCATALOG_COMPILER_GENERATE_SWIFT_ASSET_SYMBOL_EXTENSIONS = YES;
				CLANG_ANALYZER_NONNULL = YES;
				CLANG_ANALYZER_NUMBER_OBJECT_CONVERSION = YES_AGGRESSIVE;
				CLANG_CXX_LANGUAGE_STANDARD = "gnu++20";
				CLANG_ENABLE_MODULES = YES;
				CLANG_ENABLE_OBJC_ARC = YES;
				CLANG_ENABLE_OBJC_WEAK = YES;
				CLANG_WARN_BLOCK_CAPTURE_AUTORELEASING = YES;
				CLANG_WARN_BOOL_CONVERSION = YES;
				CLANG_WARN_COMMA = YES;
				CLANG_WARN_CONSTANT_CONVERSION = YES;
				CLANG_WARN_DEPRECATED_OBJC_IMPLEMENTATIONS = YES;
				CLANG_WARN_DIRECT_OBJC_ISA_USAGE = YES_ERROR;
				CLANG_WARN_DOCUMENTATION_COMMENTS = YES;
				CLANG_WARN_EMPTY_BODY = YES;
				CLANG_WARN_ENUM_CONVERSION = YES;
				CLANG_WARN_INFINITE_RECURSION = YES;
				CLANG_WARN_INT_CONVERSION = YES;
				CLANG_WARN_NON_LITERAL_NULL_CONVERSION = YES;
				CLANG_WARN_OBJC_IMPLICIT_RETAIN_SELF = YES;
				CLANG_WARN_OBJC_LITERAL_CONVERSION = YES;
				CLANG_WARN_OBJC_ROOT_CLASS = YES_ERROR;
				CLANG_WARN_QUOTED_INCLUDE_IN_FRAMEWORK_HEADER = YES;
				CLANG_WARN_RANGE_LOOP_ANALYSIS = YES;
				CLANG_WARN_STRICT_PROTOTYPES = YES;
				CLANG_WARN_SUSPICIOUS_MOVE = YES;
				CLANG_WARN_UNGUARDED_AVAILABILITY = YES_AGGRESSIVE;
				CLANG_WARN_UNREACHABLE_CODE = YES;
				CLANG_WARN__DUPLICATE_METHOD_MATCH = YES;
				COPY_PHASE_STRIP = NO;
				DEBUG_INFORMATION_FORMAT = dwarf;
				DEVELOPMENT_TEAM = PZ69YU2D7L;
				ENABLE_STRICT_OBJC_MSGSEND = YES;
				ENABLE_TESTABILITY = YES;
				ENABLE_USER_SCRIPT_SANDBOXING = NO;
				GCC_C_LANGUAGE_STANDARD = gnu17;
				GCC_DYNAMIC_NO_PIC = NO;
				GCC_NO_COMMON_BLOCKS = YES;
				GCC_OPTIMIZATION_LEVEL = s;
				GCC_PREPROCESSOR_DEFINITIONS = (
					"DEBUG=1",
					"$(inherited)",
				);
				GCC_WARN_64_TO_32_BIT_CONVERSION = YES;
				GCC_WARN_ABOUT_RETURN_TYPE = YES_ERROR;
				GCC_WARN_UNDECLARED_SELECTOR = YES;
				GCC_WARN_UNINITIALIZED_AUTOS = YES_AGGRESSIVE;
				GCC_WARN_UNUSED_FUNCTION = YES;
				GCC_WARN_UNUSED_VARIABLE = YES;
				IPHONEOS_DEPLOYMENT_TARGET = 26.2;
				LOCALIZATION_PREFERS_STRING_CATALOGS = YES;
				MTL_ENABLE_DEBUG_INFO = INCLUDE_SOURCE;
				MTL_FAST_MATH = YES;
				ONLY_ACTIVE_ARCH = YES;
				SDKROOT = iphoneos;
				STRING_CATALOG_GENERATE_SYMBOLS = YES;
				SWIFT_ACTIVE_COMPILATION_CONDITIONS = "DEBUG $(inherited)";
				SWIFT_OPTIMIZATION_LEVEL = "-O";
			};
			name = Debug;
		};
		E3070B082F4DFDB8005FD323 /* Release */ = {
			isa = XCBuildConfiguration;
			buildSettings = {
				ALWAYS_SEARCH_USER_PATHS = NO;
				ASSETCATALOG_COMPILER_GENERATE_SWIFT_ASSET_SYMBOL_EXTENSIONS = YES;
				CLANG_ANALYZER_NONNULL = YES;
				CLANG_ANALYZER_NUMBER_OBJECT_CONVERSION = YES_AGGRESSIVE;
				CLANG_CXX_LANGUAGE_STANDARD = "gnu++20";
				CLANG_ENABLE_MODULES = YES;
				CLANG_ENABLE_OBJC_ARC = YES;
				CLANG_ENABLE_OBJC_WEAK = YES;
				CLANG_WARN_BLOCK_CAPTURE_AUTORELEASING = YES;
				CLANG_WARN_BOOL_CONVERSION = YES;
				CLANG_WARN_COMMA = YES;
				CLANG_WARN_CONSTANT_CONVERSION = YES;
				CLANG_WARN_DEPRECATED_OBJC_IMPLEMENTATIONS = YES;
				CLANG_WARN_DIRECT_OBJC_ISA_USAGE = YES_ERROR;
				CLANG_WARN_DOCUMENTATION_COMMENTS = YES;
				CLANG_WARN_EMPTY_BODY = YES;
				CLANG_WARN_ENUM_CONVERSION = YES;
				CLANG_WARN_INFINITE_RECURSION = YES;
				CLANG_WARN_INT_CONVERSION = YES;
				CLANG_WARN_NON_LITERAL_NULL_CONVERSION = YES;
				CLANG_WARN_OBJC_IMPLICIT_RETAIN_SELF = YES;
				CLANG_WARN_OBJC_LITERAL_CONVERSION = YES;
				CLANG_WARN_OBJC_ROOT_CLASS = YES_ERROR;
				CLANG_WARN_QUOTED_INCLUDE_IN_FRAMEWORK_HEADER = YES;
				CLANG_WARN_RANGE_LOOP_ANALYSIS = YES;
				CLANG_WARN_STRICT_PROTOTYPES = YES;
				CLANG_WARN_SUSPICIOUS_MOVE = YES;
				CLANG_WARN_UNGUARDED_AVAILABILITY = YES_AGGRESSIVE;
				CLANG_WARN_UNREACHABLE_CODE = YES;
				CLANG_WARN__DUPLICATE_METHOD_MATCH = YES;
				COPY_PHASE_STRIP = NO;
				DEBUG_INFORMATION_FORMAT = "dwarf-with-dsym";
				DEVELOPMENT_TEAM = PZ69YU2D7L;
				ENABLE_NS_ASSERTIONS = NO;
				ENABLE_STRICT_OBJC_MSGSEND = YES;
				ENABLE_USER_SCRIPT_SANDBOXING = NO;
				GCC_C_LANGUAGE_STANDARD = gnu17;
				GCC_NO_COMMON_BLOCKS = YES;
				GCC_WARN_64_TO_32_BIT_CONVERSION = YES;
				GCC_WARN_ABOUT_RETURN_TYPE = YES_ERROR;
				GCC_WARN_UNDECLARED_SELECTOR = YES;
				GCC_WARN_UNINITIALIZED_AUTOS = YES_AGGRESSIVE;
				GCC_WARN_UNUSED_FUNCTION = YES;
				GCC_WARN_UNUSED_VARIABLE = YES;
				IPHONEOS_DEPLOYMENT_TARGET = 26.2;
				LOCALIZATION_PREFERS_STRING_CATALOGS = YES;
				MTL_ENABLE_DEBUG_INFO = NO;
				MTL_FAST_MATH = YES;
				SDKROOT = iphoneos;
				STRING_CATALOG_GENERATE_SYMBOLS = YES;
				SWIFT_COMPILATION_MODE = wholemodule;
				VALIDATE_PRODUCT = YES;
			};
			name = Release;
		};
		E3070B0A2F4DFDB8005FD323 /* Debug */ = {
			isa = XCBuildConfiguration;
			buildSettings = {
				ASSETCATALOG_COMPILER_APPICON_NAME = AppIcon;
				ASSETCATALOG_COMPILER_GLOBAL_ACCENT_COLOR_NAME = AccentColor;
				CODE_SIGN_STYLE = Automatic;
				CURRENT_PROJECT_VERSION = 1;
				DEVELOPMENT_TEAM = PZ69YU2D7L;
				ENABLE_PREVIEWS = YES;
				ENABLE_TESTABILITY = YES;
				GCC_OPTIMIZATION_LEVEL = s;
				GENERATE_INFOPLIST_FILE = YES;
				INFOPLIST_KEY_NSCameraUsageDescription = "Allow camera access to capture text for OCR into a new note.";
				INFOPLIST_KEY_NSSpeechRecognitionUsageDescription = "Allow speech recognition to transcribe imported audio into notes with karaoke timing.";
				INFOPLIST_KEY_UIApplicationSceneManifest_Generation = YES;
				INFOPLIST_KEY_UIApplicationSupportsIndirectInputEvents = YES;
				INFOPLIST_KEY_UILaunchScreen_Generation = YES;
				INFOPLIST_KEY_UISupportedInterfaceOrientations_iPad = "UIInterfaceOrientationPortrait UIInterfaceOrientationPortraitUpsideDown UIInterfaceOrientationLandscapeLeft UIInterfaceOrientationLandscapeRight";
				INFOPLIST_KEY_UISupportedInterfaceOrientations_iPhone = "UIInterfaceOrientationPortrait UIInterfaceOrientationLandscapeLeft UIInterfaceOrientationLandscapeRight";
				LD_RUNPATH_SEARCH_PATHS = (
					"$(inherited)",
					"@executable_path/Frameworks",
				);
				MARKETING_VERSION = 1.0;
				MTL_ENABLE_DEBUG_INFO = NO;
				PRODUCT_BUNDLE_IDENTIFIER = matthewmorrone.Kioku;
				PRODUCT_NAME = "$(TARGET_NAME)";
				STRING_CATALOG_GENERATE_SYMBOLS = YES;
				SWIFT_APPROACHABLE_CONCURRENCY = YES;
				SWIFT_COMPILATION_MODE = singlefile;
				SWIFT_DEFAULT_ACTOR_ISOLATION = MainActor;
				SWIFT_EMIT_LOC_STRINGS = YES;
				SWIFT_OPTIMIZATION_LEVEL = "-Onone";
				SWIFT_UPCOMING_FEATURE_MEMBER_IMPORT_VISIBILITY = YES;
				SWIFT_VERSION = 5.0;
				TARGETED_DEVICE_FAMILY = "1,2";
			};
			name = Debug;
		};
		E3070B0B2F4DFDB8005FD323 /* Release */ = {
			isa = XCBuildConfiguration;
			buildSettings = {
				ASSETCATALOG_COMPILER_APPICON_NAME = AppIcon;
				ASSETCATALOG_COMPILER_GLOBAL_ACCENT_COLOR_NAME = AccentColor;
				CODE_SIGN_STYLE = Automatic;
				CURRENT_PROJECT_VERSION = 1;
				DEVELOPMENT_TEAM = PZ69YU2D7L;
				ENABLE_PREVIEWS = YES;
				ENABLE_TESTABILITY = YES;
				GCC_OPTIMIZATION_LEVEL = s;
				GENERATE_INFOPLIST_FILE = YES;
				INFOPLIST_KEY_NSCameraUsageDescription = "Allow camera access to capture text for OCR into a new note.";
				INFOPLIST_KEY_NSSpeechRecognitionUsageDescription = "Allow speech recognition to transcribe imported audio into notes with karaoke timing.";
				INFOPLIST_KEY_UIApplicationSceneManifest_Generation = YES;
				INFOPLIST_KEY_UIApplicationSupportsIndirectInputEvents = YES;
				INFOPLIST_KEY_UILaunchScreen_Generation = YES;
				INFOPLIST_KEY_UISupportedInterfaceOrientations_iPad = "UIInterfaceOrientationPortrait UIInterfaceOrientationPortraitUpsideDown UIInterfaceOrientationLandscapeLeft UIInterfaceOrientationLandscapeRight";
				INFOPLIST_KEY_UISupportedInterfaceOrientations_iPhone = "UIInterfaceOrientationPortrait UIInterfaceOrientationLandscapeLeft UIInterfaceOrientationLandscapeRight";
				LD_RUNPATH_SEARCH_PATHS = (
					"$(inherited)",
					"@executable_path/Frameworks",
				);
				MARKETING_VERSION = 1.0;
				PRODUCT_BUNDLE_IDENTIFIER = matthewmorrone.Kioku;
				PRODUCT_NAME = "$(TARGET_NAME)";
				STRING_CATALOG_GENERATE_SYMBOLS = YES;
				SWIFT_APPROACHABLE_CONCURRENCY = YES;
				SWIFT_COMPILATION_MODE = wholemodule;
				SWIFT_DEFAULT_ACTOR_ISOLATION = MainActor;
				SWIFT_EMIT_LOC_STRINGS = YES;
				SWIFT_OPTIMIZATION_LEVEL = "-Onone";
				SWIFT_UPCOMING_FEATURE_MEMBER_IMPORT_VISIBILITY = YES;
				SWIFT_VERSION = 5.0;
				TARGETED_DEVICE_FAMILY = "1,2";
			};
			name = Release;
		};
		E3070B0D2F4DFDB8005FD323 /* Debug */ = {
			isa = XCBuildConfiguration;
			buildSettings = {
				BUNDLE_LOADER = "$(TEST_HOST)";
				CODE_SIGN_STYLE = Automatic;
				CURRENT_PROJECT_VERSION = 1;
				DEVELOPMENT_TEAM = PZ69YU2D7L;
				GENERATE_INFOPLIST_FILE = YES;
				IPHONEOS_DEPLOYMENT_TARGET = 26.2;
				MARKETING_VERSION = 1.0;
				PRODUCT_BUNDLE_IDENTIFIER = matthewmorrone.KiokuTests;
				PRODUCT_NAME = "$(TARGET_NAME)";
				STRING_CATALOG_GENERATE_SYMBOLS = NO;
				SWIFT_APPROACHABLE_CONCURRENCY = YES;
				SWIFT_EMIT_LOC_STRINGS = NO;
				SWIFT_UPCOMING_FEATURE_MEMBER_IMPORT_VISIBILITY = YES;
				SWIFT_VERSION = 5.0;
				TARGETED_DEVICE_FAMILY = "1,2";
				TEST_HOST = "$(BUILT_PRODUCTS_DIR)/Kioku.app/$(BUNDLE_EXECUTABLE_FOLDER_PATH)/Kioku";
			};
			name = Debug;
		};
		E3070B0E2F4DFDB8005FD323 /* Release */ = {
			isa = XCBuildConfiguration;
			buildSettings = {
				BUNDLE_LOADER = "$(TEST_HOST)";
				CODE_SIGN_STYLE = Automatic;
				CURRENT_PROJECT_VERSION = 1;
				DEVELOPMENT_TEAM = PZ69YU2D7L;
				GENERATE_INFOPLIST_FILE = YES;
				IPHONEOS_DEPLOYMENT_TARGET = 26.2;
				MARKETING_VERSION = 1.0;
				PRODUCT_BUNDLE_IDENTIFIER = matthewmorrone.KiokuTests;
				PRODUCT_NAME = "$(TARGET_NAME)";
				STRING_CATALOG_GENERATE_SYMBOLS = NO;
				SWIFT_APPROACHABLE_CONCURRENCY = YES;
				SWIFT_EMIT_LOC_STRINGS = NO;
				SWIFT_UPCOMING_FEATURE_MEMBER_IMPORT_VISIBILITY = YES;
				SWIFT_VERSION = 5.0;
				TARGETED_DEVICE_FAMILY = "1,2";
				TEST_HOST = "$(BUILT_PRODUCTS_DIR)/Kioku.app/$(BUNDLE_EXECUTABLE_FOLDER_PATH)/Kioku";
			};
			name = Release;
		};
		E3070B102F4DFDB8005FD323 /* Debug */ = {
			isa = XCBuildConfiguration;
			buildSettings = {
				CODE_SIGN_STYLE = Automatic;
				CURRENT_PROJECT_VERSION = 1;
				DEVELOPMENT_TEAM = PZ69YU2D7L;
				GENERATE_INFOPLIST_FILE = YES;
				MARKETING_VERSION = 1.0;
				PRODUCT_BUNDLE_IDENTIFIER = matthewmorrone.KiokuUITests;
				PRODUCT_NAME = "$(TARGET_NAME)";
				STRING_CATALOG_GENERATE_SYMBOLS = NO;
				SWIFT_APPROACHABLE_CONCURRENCY = YES;
				SWIFT_EMIT_LOC_STRINGS = NO;
				SWIFT_UPCOMING_FEATURE_MEMBER_IMPORT_VISIBILITY = YES;
				SWIFT_VERSION = 5.0;
				TARGETED_DEVICE_FAMILY = "1,2";
				TEST_TARGET_NAME = Kioku;
			};
			name = Debug;
		};
		E3070B112F4DFDB8005FD323 /* Release */ = {
			isa = XCBuildConfiguration;
			buildSettings = {
				CODE_SIGN_STYLE = Automatic;
				CURRENT_PROJECT_VERSION = 1;
				DEVELOPMENT_TEAM = PZ69YU2D7L;
				GENERATE_INFOPLIST_FILE = YES;
				MARKETING_VERSION = 1.0;
				PRODUCT_BUNDLE_IDENTIFIER = matthewmorrone.KiokuUITests;
				PRODUCT_NAME = "$(TARGET_NAME)";
				STRING_CATALOG_GENERATE_SYMBOLS = NO;
				SWIFT_APPROACHABLE_CONCURRENCY = YES;
				SWIFT_EMIT_LOC_STRINGS = NO;
				SWIFT_UPCOMING_FEATURE_MEMBER_IMPORT_VISIBILITY = YES;
				SWIFT_VERSION = 5.0;
				TARGETED_DEVICE_FAMILY = "1,2";
				TEST_TARGET_NAME = Kioku;
			};
			name = Release;
		};
/* End XCBuildConfiguration section */

/* Begin XCConfigurationList section */
		E3070AE32F4DFDB6005FD323 /* Build configuration list for PBXProject "Kioku" */ = {
			isa = XCConfigurationList;
			buildConfigurations = (
				E3070B072F4DFDB8005FD323 /* Debug */,
				E3070B082F4DFDB8005FD323 /* Release */,
			);
			defaultConfigurationIsVisible = 0;
			defaultConfigurationName = Release;
		};
		E3070B092F4DFDB8005FD323 /* Build configuration list for PBXNativeTarget "Kioku" */ = {
			isa = XCConfigurationList;
			buildConfigurations = (
				E3070B0A2F4DFDB8005FD323 /* Debug */,
				E3070B0B2F4DFDB8005FD323 /* Release */,
			);
			defaultConfigurationIsVisible = 0;
			defaultConfigurationName = Release;
		};
		E3070B0C2F4DFDB8005FD323 /* Build configuration list for PBXNativeTarget "KiokuTests" */ = {
			isa = XCConfigurationList;
			buildConfigurations = (
				E3070B0D2F4DFDB8005FD323 /* Debug */,
				E3070B0E2F4DFDB8005FD323 /* Release */,
			);
			defaultConfigurationIsVisible = 0;
			defaultConfigurationName = Release;
		};
		E3070B0F2F4DFDB8005FD323 /* Build configuration list for PBXNativeTarget "KiokuUITests" */ = {
			isa = XCConfigurationList;
			buildConfigurations = (
				E3070B102F4DFDB8005FD323 /* Debug */,
				E3070B112F4DFDB8005FD323 /* Release */,
			);
			defaultConfigurationIsVisible = 0;
			defaultConfigurationName = Release;
		};
/* End XCConfigurationList section */

/* Begin XCRemoteSwiftPackageReference section */
		E4CC00032F90000100EEE001 /* XCRemoteSwiftPackageReference "SwiftLCS" */ = {
			isa = XCRemoteSwiftPackageReference;
			repositoryURL = "https://github.com/Frugghi/SwiftLCS.git";
			requirement = {
				kind = upToNextMajorVersion;
				minimumVersion = 1.3.5;
			};
		};
		E4D1A0032F90000100FFF001 /* XCRemoteSwiftPackageReference "swift-subtitle-kit" */ = {
			isa = XCRemoteSwiftPackageReference;
			repositoryURL = "https://github.com/dioKaratzas/swift-subtitle-kit.git";
			requirement = {
				kind = upToNextMajorVersion;
				minimumVersion = 1.0.3;
			};
		};
		E4D2A0032F90000100FFF001 /* XCRemoteSwiftPackageReference "SwiftSubtitles" */ = {
			isa = XCRemoteSwiftPackageReference;
			repositoryURL = "https://github.com/dagronf/SwiftSubtitles.git";
			requirement = {
				kind = upToNextMajorVersion;
				minimumVersion = 2.2.0;
			};
		};
		E4D3A0032F90000100FFF001 /* XCRemoteSwiftPackageReference "CodableCSV" */ = {
			isa = XCRemoteSwiftPackageReference;
			repositoryURL = "https://github.com/dehesa/CodableCSV.git";
			requirement = {
				kind = upToNextMajorVersion;
				minimumVersion = 0.6.7;
			};
		};
		E4D4A0032F90000100FFF001 /* XCRemoteSwiftPackageReference "swift-audio-marker" */ = {
			isa = XCRemoteSwiftPackageReference;
			repositoryURL = "https://github.com/atelier-socle/swift-audio-marker.git";
			requirement = {
				kind = upToNextMajorVersion;
				minimumVersion = 0.1.0;
			};
		};
		E4D5A0032F90000100FFF001 /* XCRemoteSwiftPackageReference "AzooKeyKanaKanjiConverter" */ = {
			isa = XCRemoteSwiftPackageReference;
			repositoryURL = "https://github.com/azooKey/AzooKeyKanaKanjiConverter.git";
			requirement = {
				branch = main;
				kind = branch;
			};
		};
		E4D6A0032F90000100FFF001 /* XCRemoteSwiftPackageReference "USearch" */ = {
			isa = XCRemoteSwiftPackageReference;
			repositoryURL = "https://github.com/unum-cloud/USearch.git";
			requirement = {
				kind = upToNextMajorVersion;
				minimumVersion = 2.24.0;
			};
		};
		E4D7A0032F90000100FFF001 /* XCRemoteSwiftPackageReference "TextFormation" */ = {
			isa = XCRemoteSwiftPackageReference;
			repositoryURL = "https://github.com/ChimeHQ/TextFormation.git";
			requirement = {
				kind = upToNextMajorVersion;
				minimumVersion = 0.9.0;
			};
		};
		E4E800032F90000100FFF001 /* XCRemoteSwiftPackageReference "SwiftWhisper" */ = {
			isa = XCRemoteSwiftPackageReference;
			repositoryURL = "https://github.com/exPHAT/SwiftWhisper.git";
			requirement = {
				kind = upToNextMajorVersion;
				minimumVersion = 1.2.0;
			};
		};
/* End XCRemoteSwiftPackageReference section */

/* Begin XCSwiftPackageProductDependency section */
		E4CC00022F90000100EEE001 /* SwiftLCS */ = {
			isa = XCSwiftPackageProductDependency;
			package = E4CC00032F90000100EEE001 /* XCRemoteSwiftPackageReference "SwiftLCS" */;
			productName = SwiftLCS;
		};
		E4D1A0022F90000100FFF001 /* SubtitleKit */ = {
			isa = XCSwiftPackageProductDependency;
			package = E4D1A0032F90000100FFF001 /* XCRemoteSwiftPackageReference "swift-subtitle-kit" */;
			productName = SubtitleKit;
		};
		E4D2A0022F90000100FFF001 /* SwiftSubtitles */ = {
			isa = XCSwiftPackageProductDependency;
			package = E4D2A0032F90000100FFF001 /* XCRemoteSwiftPackageReference "SwiftSubtitles" */;
			productName = SwiftSubtitles;
		};
		E4D3A0022F90000100FFF001 /* CodableCSV */ = {
			isa = XCSwiftPackageProductDependency;
			package = E4D3A0032F90000100FFF001 /* XCRemoteSwiftPackageReference "CodableCSV" */;
			productName = CodableCSV;
		};
		E4D4A0022F90000100FFF001 /* AudioMarker */ = {
			isa = XCSwiftPackageProductDependency;
			package = E4D4A0032F90000100FFF001 /* XCRemoteSwiftPackageReference "swift-audio-marker" */;
			productName = AudioMarker;
		};
		E4D5A0022F90000100FFF001 /* KanaKanjiConverterModuleWithDefaultDictionary */ = {
			isa = XCSwiftPackageProductDependency;
			package = E4D5A0032F90000100FFF001 /* XCRemoteSwiftPackageReference "AzooKeyKanaKanjiConverter" */;
			productName = KanaKanjiConverterModuleWithDefaultDictionary;
		};
		E4D6A0022F90000100FFF001 /* USearch */ = {
			isa = XCSwiftPackageProductDependency;
			package = E4D6A0032F90000100FFF001 /* XCRemoteSwiftPackageReference "USearch" */;
			productName = USearch;
		};
		E4D7A0022F90000100FFF001 /* TextFormation */ = {
			isa = XCSwiftPackageProductDependency;
			package = E4D7A0032F90000100FFF001 /* XCRemoteSwiftPackageReference "TextFormation" */;
			productName = TextFormation;
		};
		E4E800022F90000100FFF001 /* SwiftWhisper */ = {
			isa = XCSwiftPackageProductDependency;
			package = E4E800032F90000100FFF001 /* XCRemoteSwiftPackageReference "SwiftWhisper" */;
			productName = SwiftWhisper;
		};
/* End XCSwiftPackageProductDependency section */
	};
	rootObject = E3070AE02F4DFDB6005FD323 /* Project object */;
}
